
Microsoft Visual Studio Solution File, Format Version 12.00
# Visual Studio 15
VisualStudioVersion = 15.0.28307.102
MinimumVisualStudioVersion = 10.0.40219.1
Project("{FAE04EC0-301F-11D3-BF4B-00C04F79EFBC}") = "MagicClassPractice", "MagicClassPractice\MagicClassPractice.csproj", "{FE7ACFA4-A2D4-4FCD-B23A-25EEEA0E6929}"
EndProject
Project("{FAE04EC0-301F-11D3-BF4B-00C04F79EFBC}") = "MagicLibrary", "MagicLibrary\MagicLibrary.csproj", "{926A2ACD-0D48-4906-85C4-E829912D339D}"
EndProject
Global
	GlobalSection(SolutionConfigurationPlatforms) = preSolution
		Debug|Any CPU = Debug|Any CPU
		Release|Any CPU = Release|Any CPU
	EndGlobalSection
	GlobalSection(ProjectConfigurationPlatforms) = postSolution
		{FE7ACFA4-A2D4-4FCD-B23A-25EEEA0E6929}.Debug|Any CPU.ActiveCfg = Debug|Any CPU
		{FE7ACFA4-A2D4-4FCD-B23A-25EEEA0E6929}.Debug|Any CPU.Build.0 = Debug|Any CPU
		{FE7ACFA4-A2D4-4FCD-B23A-25EEEA0E6929}.Release|Any CPU.ActiveCfg = Release|Any CPU
		{FE7ACFA4-A2D4-4FCD-B23A-25EEEA0E6929}.Release|Any CPU.Build.0 = Release|Any CPU
		{926A2ACD-0D48-4906-85C4-E829912D339D}.Debug|Any CPU.ActiveCfg = Debug|Any CPU
		{926A2ACD-0D48-4906-85C4-E829912D339D}.Debug|Any CPU.Build.0 = Debug|Any CPU
		{926A2ACD-0D48-4906-85C4-E829912D339D}.Release|Any CPU.ActiveCfg = Release|Any CPU
		{926A2ACD-0D48-4906-85C4-E829912D339D}.Release|Any CPU.Build.0 = Release|Any CPU
	EndGlobalSection
	GlobalSection(SolutionProperties) = preSolution
		HideSolutionNode = FALSE
	EndGlobalSection
	GlobalSection(ExtensibilityGlobals) = postSolution
		SolutionGuid = {9D779B5A-CDC5-4954-9310-82A1A3372571}
	EndGlobalSection
EndGlobal
